{
  "version": 4,
  "terraform_version": "1.1.9",
  "serial": 46,
  "lineage": "633c9440-33cf-2078-7415-b9bde2804683",
  "outputs": {},
  "resources": [
    {
      "module": "module.cf-ecs-s3",
      "mode": "data",
      "type": "aws_iam_policy",
      "name": "ecs_task_execution_role",
      "provider": "provider[\"registry.terraform.io/hashicorp/aws\"]",
      "instances": [
        {
          "schema_version": 0,
          "attributes": {
            "arn": "arn:aws:iam::aws:policy/service-role/AmazonECSTaskExecutionRolePolicy",
            "description": "Provides access to other AWS service resources that are required to run Amazon ECS tasks",
            "id": "arn:aws:iam::aws:policy/service-role/AmazonECSTaskExecutionRolePolicy",
            "name": "AmazonECSTaskExecutionRolePolicy",
            "path": "/service-role/",
            "path_prefix": null,
            "policy": "{\n  \"Version\": \"2012-10-17\",\n  \"Statement\": [\n    {\n      \"Effect\": \"Allow\",\n      \"Action\": [\n        \"ecr:GetAuthorizationToken\",\n        \"ecr:BatchCheckLayerAvailability\",\n        \"ecr:GetDownloadUrlForLayer\",\n        \"ecr:BatchGetImage\",\n        \"logs:CreateLogStream\",\n        \"logs:PutLogEvents\"\n      ],\n      \"Resource\": \"*\"\n    }\n  ]\n}",
            "policy_id": "ANPAJG4T4G4PV56DE72PY",
            "tags": {}
          },
          "sensitive_attributes": []
        }
      ]
    },
    {
      "module": "module.cf-ecs-s3",
      "mode": "data",
      "type": "aws_iam_policy_document",
      "name": "cf_s3_policy",
      "provider": "provider[\"registry.terraform.io/hashicorp/aws\"]",
      "instances": [
        {
          "schema_version": 0,
          "attributes": {
            "id": "351075020",
            "json": "{\n  \"Version\": \"2012-10-17\",\n  \"Statement\": [\n    {\n      \"Sid\": \"\",\n      \"Effect\": \"Allow\",\n      \"Action\": \"s3:GetObject\",\n      \"Resource\": \"arn:aws:s3:::demo-app-us-east-1/*\",\n      \"Principal\": {\n        \"AWS\": \"arn:aws:iam::cloudfront:user/CloudFront Origin Access Identity E199AP4LOI6PYH\"\n      }\n    }\n  ]\n}",
            "override_json": null,
            "override_policy_documents": null,
            "policy_id": null,
            "source_json": null,
            "source_policy_documents": null,
            "statement": [
              {
                "actions": [
                  "s3:GetObject"
                ],
                "condition": [],
                "effect": "Allow",
                "not_actions": [],
                "not_principals": [],
                "not_resources": [],
                "principals": [
                  {
                    "identifiers": [
                      "arn:aws:iam::cloudfront:user/CloudFront Origin Access Identity E199AP4LOI6PYH"
                    ],
                    "type": "AWS"
                  }
                ],
                "resources": [
                  "arn:aws:s3:::demo-app-us-east-1/*"
                ],
                "sid": ""
              }
            ],
            "version": "2012-10-17"
          },
          "sensitive_attributes": []
        }
      ]
    },
    {
      "module": "module.cf-ecs-s3",
      "mode": "data",
      "type": "aws_iam_policy_document",
      "name": "ecs_task_assume_role",
      "provider": "provider[\"registry.terraform.io/hashicorp/aws\"]",
      "instances": [
        {
          "schema_version": 0,
          "attributes": {
            "id": "320642683",
            "json": "{\n  \"Version\": \"2012-10-17\",\n  \"Statement\": [\n    {\n      \"Sid\": \"\",\n      \"Effect\": \"Allow\",\n      \"Action\": \"sts:AssumeRole\",\n      \"Principal\": {\n        \"Service\": \"ecs-tasks.amazonaws.com\"\n      }\n    }\n  ]\n}",
            "override_json": null,
            "override_policy_documents": null,
            "policy_id": null,
            "source_json": null,
            "source_policy_documents": null,
            "statement": [
              {
                "actions": [
                  "sts:AssumeRole"
                ],
                "condition": [],
                "effect": "Allow",
                "not_actions": [],
                "not_principals": [],
                "not_resources": [],
                "principals": [
                  {
                    "identifiers": [
                      "ecs-tasks.amazonaws.com"
                    ],
                    "type": "Service"
                  }
                ],
                "resources": [],
                "sid": ""
              }
            ],
            "version": "2012-10-17"
          },
          "sensitive_attributes": []
        }
      ]
    },
    {
      "module": "module.cf-ecs-s3",
      "mode": "managed",
      "type": "aws_alb",
      "name": "my_api",
      "provider": "provider[\"registry.terraform.io/hashicorp/aws\"]",
      "instances": [
        {
          "schema_version": 0,
          "attributes": {
            "access_logs": [
              {
                "bucket": "",
                "enabled": false,
                "prefix": ""
              }
            ],
            "arn": "arn:aws:elasticloadbalancing:us-east-1:821594384510:loadbalancer/app/demo-app-lb/0bcfe0ad6ede0410",
            "arn_suffix": "app/demo-app-lb/0bcfe0ad6ede0410",
            "customer_owned_ipv4_pool": "",
            "desync_mitigation_mode": "defensive",
            "dns_name": "demo-app-lb-881907063.us-east-1.elb.amazonaws.com",
            "drop_invalid_header_fields": false,
            "enable_cross_zone_load_balancing": null,
            "enable_deletion_protection": false,
            "enable_http2": true,
            "enable_waf_fail_open": false,
            "id": "arn:aws:elasticloadbalancing:us-east-1:821594384510:loadbalancer/app/demo-app-lb/0bcfe0ad6ede0410",
            "idle_timeout": 60,
            "internal": false,
            "ip_address_type": "ipv4",
            "load_balancer_type": "application",
            "name": "demo-app-lb",
            "name_prefix": null,
            "security_groups": [
              "sg-035f04b0440db24b8",
              "sg-040fa006f1419cd8a"
            ],
            "subnet_mapping": [
              {
                "allocation_id": "",
                "ipv6_address": "",
                "outpost_id": "",
                "private_ipv4_address": "",
                "subnet_id": "subnet-01e218622ee7d78a7"
              },
              {
                "allocation_id": "",
                "ipv6_address": "",
                "outpost_id": "",
                "private_ipv4_address": "",
                "subnet_id": "subnet-0834eded2096be2dc"
              }
            ],
            "subnets": [
              "subnet-01e218622ee7d78a7",
              "subnet-0834eded2096be2dc"
            ],
            "tags": {},
            "tags_all": {},
            "timeouts": null,
            "vpc_id": "vpc-0a8c8210821c456b3",
            "zone_id": "Z35SXDOTRQ7X7K"
          },
          "sensitive_attributes": [],
          "private": "eyJlMmJmYjczMC1lY2FhLTExZTYtOGY4OC0zNDM2M2JjN2M0YzAiOnsiY3JlYXRlIjo2MDAwMDAwMDAwMDAsImRlbGV0ZSI6NjAwMDAwMDAwMDAwLCJ1cGRhdGUiOjYwMDAwMDAwMDAwMH19",
          "dependencies": [
            "module.cf-ecs-s3.aws_internet_gateway.igw",
            "module.cf-ecs-s3.aws_security_group.egress_all",
            "module.cf-ecs-s3.aws_security_group.http",
            "module.cf-ecs-s3.aws_subnet.public_a",
            "module.cf-ecs-s3.aws_subnet.public_b",
            "module.cf-ecs-s3.aws_vpc.api_vpc"
          ],
          "create_before_destroy": true
        }
      ]
    },
    {
      "module": "module.cf-ecs-s3",
      "mode": "managed",
      "type": "aws_alb_listener",
      "name": "my_api_http",
      "provider": "provider[\"registry.terraform.io/hashicorp/aws\"]",
      "instances": [
        {
          "schema_version": 0,
          "attributes": {
            "alpn_policy": null,
            "arn": "arn:aws:elasticloadbalancing:us-east-1:821594384510:listener/app/demo-app-lb/0bcfe0ad6ede0410/61e412bf7e5af8fd",
            "certificate_arn": null,
            "default_action": [
              {
                "authenticate_cognito": [],
                "authenticate_oidc": [],
                "fixed_response": [],
                "forward": [],
                "order": 1,
                "redirect": [],
                "target_group_arn": "arn:aws:elasticloadbalancing:us-east-1:821594384510:targetgroup/demo-app-tg/dcf2cf0cb6cc734e",
                "type": "forward"
              }
            ],
            "id": "arn:aws:elasticloadbalancing:us-east-1:821594384510:listener/app/demo-app-lb/0bcfe0ad6ede0410/61e412bf7e5af8fd",
            "load_balancer_arn": "arn:aws:elasticloadbalancing:us-east-1:821594384510:loadbalancer/app/demo-app-lb/0bcfe0ad6ede0410",
            "port": 80,
            "protocol": "HTTP",
            "ssl_policy": "",
            "tags": {},
            "tags_all": {},
            "timeouts": null
          },
          "sensitive_attributes": [],
          "private": "eyJlMmJmYjczMC1lY2FhLTExZTYtOGY4OC0zNDM2M2JjN2M0YzAiOnsicmVhZCI6NjAwMDAwMDAwMDAwfX0=",
          "dependencies": [
            "module.cf-ecs-s3.aws_alb.my_api",
            "module.cf-ecs-s3.aws_internet_gateway.igw",
            "module.cf-ecs-s3.aws_lb_target_group.my_api",
            "module.cf-ecs-s3.aws_security_group.egress_all",
            "module.cf-ecs-s3.aws_security_group.http",
            "module.cf-ecs-s3.aws_subnet.public_a",
            "module.cf-ecs-s3.aws_subnet.public_b",
            "module.cf-ecs-s3.aws_vpc.api_vpc"
          ]
        }
      ]
    },
    {
      "module": "module.cf-ecs-s3",
      "mode": "managed",
      "type": "aws_appautoscaling_policy",
      "name": "ecs_policy_cpu",
      "provider": "provider[\"registry.terraform.io/hashicorp/aws\"]",
      "instances": [
        {
          "schema_version": 0,
          "attributes": {
            "arn": "arn:aws:autoscaling:us-east-1:821594384510:scalingPolicy:6575410c-a50e-41c7-80cb-5f2b546c90a3:resource/ecs/service/my_cluster_peleg/demo-app-ecs-service:policyName/demo-app-cpu-autoscaling",
            "id": "demo-app-cpu-autoscaling",
            "name": "demo-app-cpu-autoscaling",
            "policy_type": "TargetTrackingScaling",
            "resource_id": "service/my_cluster_peleg/demo-app-ecs-service",
            "scalable_dimension": "ecs:service:DesiredCount",
            "service_namespace": "ecs",
            "step_scaling_policy_configuration": [],
            "target_tracking_scaling_policy_configuration": [
              {
                "customized_metric_specification": [],
                "disable_scale_in": false,
                "predefined_metric_specification": [
                  {
                    "predefined_metric_type": "ECSServiceAverageCPUUtilization",
                    "resource_label": ""
                  }
                ],
                "scale_in_cooldown": 0,
                "scale_out_cooldown": 0,
                "target_value": 80
              }
            ]
          },
          "sensitive_attributes": [],
          "private": "bnVsbA==",
          "dependencies": [
            "module.cf-ecs-s3.aws_alb.my_api",
            "module.cf-ecs-s3.aws_appautoscaling_target.ecs_target",
            "module.cf-ecs-s3.aws_cloudwatch_log_group.my_api",
            "module.cf-ecs-s3.aws_ecs_cluster.my_cluster",
            "module.cf-ecs-s3.aws_ecs_service.my_api",
            "module.cf-ecs-s3.aws_ecs_task_definition.my_api",
            "module.cf-ecs-s3.aws_iam_role.my_api_task_execution_role",
            "module.cf-ecs-s3.aws_internet_gateway.igw",
            "module.cf-ecs-s3.aws_lb_target_group.my_api",
            "module.cf-ecs-s3.aws_security_group.egress_all",
            "module.cf-ecs-s3.aws_security_group.http",
            "module.cf-ecs-s3.aws_security_group.ingress_api",
            "module.cf-ecs-s3.aws_subnet.private_a",
            "module.cf-ecs-s3.aws_subnet.private_b",
            "module.cf-ecs-s3.aws_subnet.public_a",
            "module.cf-ecs-s3.aws_subnet.public_b",
            "module.cf-ecs-s3.aws_vpc.api_vpc",
            "module.cf-ecs-s3.data.aws_iam_policy_document.ecs_task_assume_role"
          ]
        }
      ]
    },
    {
      "module": "module.cf-ecs-s3",
      "mode": "managed",
      "type": "aws_appautoscaling_policy",
      "name": "ecs_policy_memory",
      "provider": "provider[\"registry.terraform.io/hashicorp/aws\"]",
      "instances": [
        {
          "schema_version": 0,
          "attributes": {
            "arn": "arn:aws:autoscaling:us-east-1:821594384510:scalingPolicy:6575410c-a50e-41c7-80cb-5f2b546c90a3:resource/ecs/service/my_cluster_peleg/demo-app-ecs-service:policyName/demo-app-memory-autoscaling",
            "id": "demo-app-memory-autoscaling",
            "name": "demo-app-memory-autoscaling",
            "policy_type": "TargetTrackingScaling",
            "resource_id": "service/my_cluster_peleg/demo-app-ecs-service",
            "scalable_dimension": "ecs:service:DesiredCount",
            "service_namespace": "ecs",
            "step_scaling_policy_configuration": [],
            "target_tracking_scaling_policy_configuration": [
              {
                "customized_metric_specification": [],
                "disable_scale_in": false,
                "predefined_metric_specification": [
                  {
                    "predefined_metric_type": "ECSServiceAverageMemoryUtilization",
                    "resource_label": ""
                  }
                ],
                "scale_in_cooldown": 0,
                "scale_out_cooldown": 0,
                "target_value": 80
              }
            ]
          },
          "sensitive_attributes": [],
          "private": "bnVsbA==",
          "dependencies": [
            "module.cf-ecs-s3.aws_alb.my_api",
            "module.cf-ecs-s3.aws_appautoscaling_target.ecs_target",
            "module.cf-ecs-s3.aws_cloudwatch_log_group.my_api",
            "module.cf-ecs-s3.aws_ecs_cluster.my_cluster",
            "module.cf-ecs-s3.aws_ecs_service.my_api",
            "module.cf-ecs-s3.aws_ecs_task_definition.my_api",
            "module.cf-ecs-s3.aws_iam_role.my_api_task_execution_role",
            "module.cf-ecs-s3.aws_internet_gateway.igw",
            "module.cf-ecs-s3.aws_lb_target_group.my_api",
            "module.cf-ecs-s3.aws_security_group.egress_all",
            "module.cf-ecs-s3.aws_security_group.http",
            "module.cf-ecs-s3.aws_security_group.ingress_api",
            "module.cf-ecs-s3.aws_subnet.private_a",
            "module.cf-ecs-s3.aws_subnet.private_b",
            "module.cf-ecs-s3.aws_subnet.public_a",
            "module.cf-ecs-s3.aws_subnet.public_b",
            "module.cf-ecs-s3.aws_vpc.api_vpc",
            "module.cf-ecs-s3.data.aws_iam_policy_document.ecs_task_assume_role"
          ]
        }
      ]
    },
    {
      "module": "module.cf-ecs-s3",
      "mode": "managed",
      "type": "aws_appautoscaling_target",
      "name": "ecs_target",
      "provider": "provider[\"registry.terraform.io/hashicorp/aws\"]",
      "instances": [
        {
          "schema_version": 0,
          "attributes": {
            "id": "service/my_cluster_peleg/demo-app-ecs-service",
            "max_capacity": 4,
            "min_capacity": 1,
            "resource_id": "service/my_cluster_peleg/demo-app-ecs-service",
            "role_arn": "arn:aws:iam::821594384510:role/aws-service-role/ecs.application-autoscaling.amazonaws.com/AWSServiceRoleForApplicationAutoScaling_ECSService",
            "scalable_dimension": "ecs:service:DesiredCount",
            "service_namespace": "ecs"
          },
          "sensitive_attributes": [],
          "private": "bnVsbA==",
          "dependencies": [
            "module.cf-ecs-s3.aws_alb.my_api",
            "module.cf-ecs-s3.aws_cloudwatch_log_group.my_api",
            "module.cf-ecs-s3.aws_ecs_cluster.my_cluster",
            "module.cf-ecs-s3.aws_ecs_service.my_api",
            "module.cf-ecs-s3.aws_ecs_task_definition.my_api",
            "module.cf-ecs-s3.aws_iam_role.my_api_task_execution_role",
            "module.cf-ecs-s3.aws_internet_gateway.igw",
            "module.cf-ecs-s3.aws_lb_target_group.my_api",
            "module.cf-ecs-s3.aws_security_group.egress_all",
            "module.cf-ecs-s3.aws_security_group.http",
            "module.cf-ecs-s3.aws_security_group.ingress_api",
            "module.cf-ecs-s3.aws_subnet.private_a",
            "module.cf-ecs-s3.aws_subnet.private_b",
            "module.cf-ecs-s3.aws_subnet.public_a",
            "module.cf-ecs-s3.aws_subnet.public_b",
            "module.cf-ecs-s3.aws_vpc.api_vpc",
            "module.cf-ecs-s3.data.aws_iam_policy_document.ecs_task_assume_role"
          ]
        }
      ]
    },
    {
      "module": "module.cf-ecs-s3",
      "mode": "managed",
      "type": "aws_cloudfront_distribution",
      "name": "cf_distribution",
      "provider": "provider[\"registry.terraform.io/hashicorp/aws\"]",
      "instances": [
        {
          "schema_version": 1,
          "attributes": {
            "aliases": [],
            "arn": "arn:aws:cloudfront::821594384510:distribution/E2VIW790NLWZLQ",
            "caller_reference": "terraform-20220501145928497500000003",
            "comment": "cloudfront-s3-static-webapp-origin",
            "custom_error_response": [],
            "default_cache_behavior": [
              {
                "allowed_methods": [
                  "DELETE",
                  "GET",
                  "HEAD",
                  "OPTIONS",
                  "PATCH",
                  "POST",
                  "PUT"
                ],
                "cache_policy_id": "",
                "cached_methods": [
                  "GET",
                  "HEAD"
                ],
                "compress": false,
                "default_ttl": 3600,
                "field_level_encryption_id": "",
                "forwarded_values": [
                  {
                    "cookies": [
                      {
                        "forward": "none",
                        "whitelisted_names": []
                      }
                    ],
                    "headers": [],
                    "query_string": false,
                    "query_string_cache_keys": []
                  }
                ],
                "function_association": [],
                "lambda_function_association": [],
                "max_ttl": 86400,
                "min_ttl": 0,
                "origin_request_policy_id": "",
                "realtime_log_config_arn": "",
                "response_headers_policy_id": "",
                "smooth_streaming": false,
                "target_origin_id": "cloudfront-s3-static-webapp-origin",
                "trusted_key_groups": [],
                "trusted_signers": [],
                "viewer_protocol_policy": "allow-all"
              }
            ],
            "default_root_object": "index.html",
            "domain_name": "de2k1y8sgiv8x.cloudfront.net",
            "enabled": true,
            "etag": "E1B7JPCKZZM6JW",
            "hosted_zone_id": "Z2FDTNDATAQYW2",
            "http_version": "http2",
            "id": "E2VIW790NLWZLQ",
            "in_progress_validation_batches": 0,
            "is_ipv6_enabled": true,
            "last_modified_time": "2022-05-01 14:59:29.869 +0000 UTC",
            "logging_config": [],
            "ordered_cache_behavior": [
              {
                "allowed_methods": [
                  "GET"
                ],
                "cache_policy_id": "",
                "cached_methods": [
                  "GET"
                ],
                "compress": true,
                "default_ttl": 3600,
                "field_level_encryption_id": "",
                "forwarded_values": [
                  {
                    "cookies": [
                      {
                        "forward": "all",
                        "whitelisted_names": []
                      }
                    ],
                    "headers": [
                      "Origin"
                    ],
                    "query_string": true,
                    "query_string_cache_keys": []
                  }
                ],
                "function_association": [],
                "lambda_function_association": [],
                "max_ttl": 86400,
                "min_ttl": 0,
                "origin_request_policy_id": "",
                "path_pattern": "/v1/*",
                "realtime_log_config_arn": "",
                "response_headers_policy_id": "",
                "smooth_streaming": false,
                "target_origin_id": "clopudfront-alb-ecs-api-origin",
                "trusted_key_groups": [],
                "trusted_signers": [],
                "viewer_protocol_policy": "allow-all"
              }
            ],
            "origin": [
              {
                "connection_attempts": 3,
                "connection_timeout": 10,
                "custom_header": [],
                "custom_origin_config": [
                  {
                    "http_port": 80,
                    "https_port": 443,
                    "origin_keepalive_timeout": 5,
                    "origin_protocol_policy": "http-only",
                    "origin_read_timeout": 30,
                    "origin_ssl_protocols": [
                      "TLSv1"
                    ]
                  }
                ],
                "domain_name": "demo-app-lb-881907063.us-east-1.elb.amazonaws.com",
                "origin_id": "clopudfront-alb-ecs-api-origin",
                "origin_path": "",
                "origin_shield": [],
                "s3_origin_config": []
              },
              {
                "connection_attempts": 3,
                "connection_timeout": 10,
                "custom_header": [],
                "custom_origin_config": [],
                "domain_name": "demo-app-us-east-1.s3.amazonaws.com",
                "origin_id": "cloudfront-s3-static-webapp-origin",
                "origin_path": "",
                "origin_shield": [],
                "s3_origin_config": [
                  {
                    "origin_access_identity": "origin-access-identity/cloudfront/E199AP4LOI6PYH"
                  }
                ]
              }
            ],
            "origin_group": [],
            "price_class": "PriceClass_All",
            "restrictions": [
              {
                "geo_restriction": [
                  {
                    "locations": [],
                    "restriction_type": "none"
                  }
                ]
              }
            ],
            "retain_on_delete": false,
            "status": "Deployed",
            "tags": {},
            "tags_all": {},
            "trusted_key_groups": [
              {
                "enabled": false,
                "items": []
              }
            ],
            "trusted_signers": [
              {
                "enabled": false,
                "items": []
              }
            ],
            "viewer_certificate": [
              {
                "acm_certificate_arn": "",
                "cloudfront_default_certificate": true,
                "iam_certificate_id": "",
                "minimum_protocol_version": "TLSv1",
                "ssl_support_method": ""
              }
            ],
            "wait_for_deployment": true,
            "web_acl_id": ""
          },
          "sensitive_attributes": [],
          "private": "eyJzY2hlbWFfdmVyc2lvbiI6IjEifQ==",
          "dependencies": [
            "module.cf-ecs-s3.aws_alb.my_api",
            "module.cf-ecs-s3.aws_cloudfront_origin_access_identity.origin_access_identity",
            "module.cf-ecs-s3.aws_s3_bucket.cf-s3-static-demo-bucket"
          ]
        }
      ]
    },
    {
      "module": "module.cf-ecs-s3",
      "mode": "managed",
      "type": "aws_cloudfront_origin_access_identity",
      "name": "origin_access_identity",
      "provider": "provider[\"registry.terraform.io/hashicorp/aws\"]",
      "instances": [
        {
          "schema_version": 0,
          "attributes": {
            "caller_reference": "terraform-20220501145552927400000001",
            "cloudfront_access_identity_path": "origin-access-identity/cloudfront/E199AP4LOI6PYH",
            "comment": "cloudfront-s3-static-webapp-origin",
            "etag": "E1TNDW2P0NYRFU",
            "iam_arn": "arn:aws:iam::cloudfront:user/CloudFront Origin Access Identity E199AP4LOI6PYH",
            "id": "E199AP4LOI6PYH",
            "s3_canonical_user_id": "da9703ab6cb1592edaceee35b1bfd49f178554319ff35ed6707a9b509800b3cba2695555b976e8f581bb0f7d5e94b604"
          },
          "sensitive_attributes": [],
          "private": "bnVsbA=="
        }
      ]
    },
    {
      "module": "module.cf-ecs-s3",
      "mode": "managed",
      "type": "aws_cloudwatch_log_group",
      "name": "my_api",
      "provider": "provider[\"registry.terraform.io/hashicorp/aws\"]",
      "instances": [
        {
          "schema_version": 0,
          "attributes": {
            "arn": "arn:aws:logs:us-east-1:821594384510:log-group:/ecs/demo-app",
            "id": "/ecs/demo-app",
            "kms_key_id": "",
            "name": "/ecs/demo-app",
            "name_prefix": null,
            "retention_in_days": 0,
            "tags": {},
            "tags_all": {}
          },
          "sensitive_attributes": [],
          "private": "bnVsbA=="
        }
      ]
    },
    {
      "module": "module.cf-ecs-s3",
      "mode": "managed",
      "type": "aws_ecs_cluster",
      "name": "my_cluster",
      "provider": "provider[\"registry.terraform.io/hashicorp/aws\"]",
      "instances": [
        {
          "schema_version": 0,
          "attributes": {
            "arn": "arn:aws:ecs:us-east-1:821594384510:cluster/my_cluster_peleg",
            "capacity_providers": [],
            "configuration": [],
            "default_capacity_provider_strategy": [],
            "id": "arn:aws:ecs:us-east-1:821594384510:cluster/my_cluster_peleg",
            "name": "my_cluster_peleg",
            "setting": [
              {
                "name": "containerInsights",
                "value": "disabled"
              }
            ],
            "tags": {},
            "tags_all": {}
          },
          "sensitive_attributes": [],
          "private": "bnVsbA=="
        }
      ]
    },
    {
      "module": "module.cf-ecs-s3",
      "mode": "managed",
      "type": "aws_ecs_service",
      "name": "my_api",
      "provider": "provider[\"registry.terraform.io/hashicorp/aws\"]",
      "instances": [
        {
          "schema_version": 0,
          "attributes": {
            "capacity_provider_strategy": [],
            "cluster": "arn:aws:ecs:us-east-1:821594384510:cluster/my_cluster_peleg",
            "deployment_circuit_breaker": [
              {
                "enable": false,
                "rollback": false
              }
            ],
            "deployment_controller": [
              {
                "type": "ECS"
              }
            ],
            "deployment_maximum_percent": 200,
            "deployment_minimum_healthy_percent": 100,
            "desired_count": 1,
            "enable_ecs_managed_tags": false,
            "enable_execute_command": false,
            "force_new_deployment": null,
            "health_check_grace_period_seconds": 0,
            "iam_role": "aws-service-role",
            "id": "arn:aws:ecs:us-east-1:821594384510:service/my_cluster_peleg/demo-app-ecs-service",
            "launch_type": "FARGATE",
            "load_balancer": [
              {
                "container_name": "my-api-task",
                "container_port": 5011,
                "elb_name": "",
                "target_group_arn": "arn:aws:elasticloadbalancing:us-east-1:821594384510:targetgroup/demo-app-tg/dcf2cf0cb6cc734e"
              }
            ],
            "name": "demo-app-ecs-service",
            "network_configuration": [
              {
                "assign_public_ip": false,
                "security_groups": [
                  "sg-02952818a151ee092",
                  "sg-035f04b0440db24b8"
                ],
                "subnets": [
                  "subnet-039fe146bfc10fe36",
                  "subnet-08f1ce57c610c3fd3"
                ]
              }
            ],
            "ordered_placement_strategy": [],
            "placement_constraints": [],
            "platform_version": "LATEST",
            "propagate_tags": "NONE",
            "scheduling_strategy": "REPLICA",
            "service_registries": [],
            "tags": {},
            "tags_all": {},
            "task_definition": "arn:aws:ecs:us-east-1:821594384510:task-definition/my-api-peleg:1",
            "timeouts": null,
            "wait_for_steady_state": false
          },
          "sensitive_attributes": [],
          "private": "eyJlMmJmYjczMC1lY2FhLTExZTYtOGY4OC0zNDM2M2JjN2M0YzAiOnsiZGVsZXRlIjoxMjAwMDAwMDAwMDAwfX0=",
          "dependencies": [
            "module.cf-ecs-s3.aws_alb.my_api",
            "module.cf-ecs-s3.aws_cloudwatch_log_group.my_api",
            "module.cf-ecs-s3.aws_ecs_cluster.my_cluster",
            "module.cf-ecs-s3.aws_ecs_task_definition.my_api",
            "module.cf-ecs-s3.aws_iam_role.my_api_task_execution_role",
            "module.cf-ecs-s3.aws_internet_gateway.igw",
            "module.cf-ecs-s3.aws_lb_target_group.my_api",
            "module.cf-ecs-s3.aws_security_group.egress_all",
            "module.cf-ecs-s3.aws_security_group.http",
            "module.cf-ecs-s3.aws_security_group.ingress_api",
            "module.cf-ecs-s3.aws_subnet.private_a",
            "module.cf-ecs-s3.aws_subnet.private_b",
            "module.cf-ecs-s3.aws_subnet.public_a",
            "module.cf-ecs-s3.aws_subnet.public_b",
            "module.cf-ecs-s3.aws_vpc.api_vpc",
            "module.cf-ecs-s3.data.aws_iam_policy_document.ecs_task_assume_role"
          ]
        }
      ]
    },
    {
      "module": "module.cf-ecs-s3",
      "mode": "managed",
      "type": "aws_ecs_task_definition",
      "name": "my_api",
      "provider": "provider[\"registry.terraform.io/hashicorp/aws\"]",
      "instances": [
        {
          "schema_version": 1,
          "attributes": {
            "arn": "arn:aws:ecs:us-east-1:821594384510:task-definition/my-api-peleg:1",
            "container_definitions": "[{\"cpu\":0,\"environment\":[],\"essential\":true,\"image\":\"821594384510.dkr.ecr.us-east-1.amazonaws.com/flask-demo:latest\",\"logConfiguration\":{\"logDriver\":\"awslogs\",\"options\":{\"awslogs-group\":\"/ecs/demo-app\",\"awslogs-region\":\"us-east-1\",\"awslogs-stream-prefix\":\"ecs\"}},\"mountPoints\":[],\"name\":\"my-api-task\",\"portMappings\":[{\"containerPort\":5011,\"hostPort\":5011,\"protocol\":\"tcp\"}],\"volumesFrom\":[]}]",
            "cpu": "256",
            "ephemeral_storage": [],
            "execution_role_arn": "arn:aws:iam::821594384510:role/demo-app-task-execution-role",
            "family": "my-api-peleg",
            "id": "my-api-peleg",
            "inference_accelerator": [],
            "ipc_mode": "",
            "memory": "512",
            "network_mode": "awsvpc",
            "pid_mode": "",
            "placement_constraints": [],
            "proxy_configuration": [],
            "requires_compatibilities": [
              "FARGATE"
            ],
            "revision": 1,
            "runtime_platform": [],
            "skip_destroy": false,
            "tags": {},
            "tags_all": {},
            "task_role_arn": "",
            "volume": []
          },
          "sensitive_attributes": [],
          "private": "eyJzY2hlbWFfdmVyc2lvbiI6IjEifQ==",
          "dependencies": [
            "module.cf-ecs-s3.aws_cloudwatch_log_group.my_api",
            "module.cf-ecs-s3.aws_iam_role.my_api_task_execution_role",
            "module.cf-ecs-s3.data.aws_iam_policy_document.ecs_task_assume_role"
          ]
        }
      ]
    },
    {
      "module": "module.cf-ecs-s3",
      "mode": "managed",
      "type": "aws_eip",
      "name": "nat",
      "provider": "provider[\"registry.terraform.io/hashicorp/aws\"]",
      "instances": [
        {
          "schema_version": 0,
          "attributes": {
            "address": null,
            "allocation_id": "eipalloc-0688303d4096f6859",
            "associate_with_private_ip": null,
            "association_id": "eipassoc-05157ab7d76ca2c96",
            "carrier_ip": "",
            "customer_owned_ip": "",
            "customer_owned_ipv4_pool": "",
            "domain": "vpc",
            "id": "eipalloc-0688303d4096f6859",
            "instance": "",
            "network_border_group": "us-east-1",
            "network_interface": "eni-0378e1bf0e28692c5",
            "private_dns": "ip-10-0-1-47.ec2.internal",
            "private_ip": "10.0.1.47",
            "public_dns": "ec2-3-220-117-111.compute-1.amazonaws.com",
            "public_ip": "3.220.117.111",
            "public_ipv4_pool": "amazon",
            "tags": {},
            "tags_all": {},
            "timeouts": null,
            "vpc": true
          },
          "sensitive_attributes": [],
          "private": "eyJlMmJmYjczMC1lY2FhLTExZTYtOGY4OC0zNDM2M2JjN2M0YzAiOnsiZGVsZXRlIjoxODAwMDAwMDAwMDAsInJlYWQiOjkwMDAwMDAwMDAwMCwidXBkYXRlIjozMDAwMDAwMDAwMDB9fQ=="
        }
      ]
    },
    {
      "module": "module.cf-ecs-s3",
      "mode": "managed",
      "type": "aws_iam_role",
      "name": "my_api_task_execution_role",
      "provider": "provider[\"registry.terraform.io/hashicorp/aws\"]",
      "instances": [
        {
          "schema_version": 0,
          "attributes": {
            "arn": "arn:aws:iam::821594384510:role/demo-app-task-execution-role",
            "assume_role_policy": "{\"Version\":\"2012-10-17\",\"Statement\":[{\"Sid\":\"\",\"Effect\":\"Allow\",\"Principal\":{\"Service\":\"ecs-tasks.amazonaws.com\"},\"Action\":\"sts:AssumeRole\"}]}",
            "create_date": "2022-05-01T14:55:53Z",
            "description": "",
            "force_detach_policies": false,
            "id": "demo-app-task-execution-role",
            "inline_policy": [
              {
                "name": "",
                "policy": ""
              }
            ],
            "managed_policy_arns": [
              "arn:aws:iam::aws:policy/service-role/AmazonECSTaskExecutionRolePolicy"
            ],
            "max_session_duration": 3600,
            "name": "demo-app-task-execution-role",
            "name_prefix": "",
            "path": "/",
            "permissions_boundary": null,
            "tags": {},
            "tags_all": {},
            "unique_id": "AROA36SWXNB7JF25XESTD"
          },
          "sensitive_attributes": [],
          "private": "bnVsbA==",
          "dependencies": [
            "module.cf-ecs-s3.data.aws_iam_policy_document.ecs_task_assume_role"
          ]
        }
      ]
    },
    {
      "module": "module.cf-ecs-s3",
      "mode": "managed",
      "type": "aws_iam_role_policy_attachment",
      "name": "ecs_task_execution_role",
      "provider": "provider[\"registry.terraform.io/hashicorp/aws\"]",
      "instances": [
        {
          "schema_version": 0,
          "attributes": {
            "id": "demo-app-task-execution-role-20220501145556788600000002",
            "policy_arn": "arn:aws:iam::aws:policy/service-role/AmazonECSTaskExecutionRolePolicy",
            "role": "demo-app-task-execution-role"
          },
          "sensitive_attributes": [],
          "private": "bnVsbA==",
          "dependencies": [
            "module.cf-ecs-s3.aws_iam_role.my_api_task_execution_role",
            "module.cf-ecs-s3.data.aws_iam_policy.ecs_task_execution_role",
            "module.cf-ecs-s3.data.aws_iam_policy_document.ecs_task_assume_role"
          ]
        }
      ]
    },
    {
      "module": "module.cf-ecs-s3",
      "mode": "managed",
      "type": "aws_internet_gateway",
      "name": "igw",
      "provider": "provider[\"registry.terraform.io/hashicorp/aws\"]",
      "instances": [
        {
          "schema_version": 0,
          "attributes": {
            "arn": "arn:aws:ec2:us-east-1:821594384510:internet-gateway/igw-01bed3cb7dcaa113c",
            "id": "igw-01bed3cb7dcaa113c",
            "owner_id": "821594384510",
            "tags": {},
            "tags_all": {},
            "vpc_id": "vpc-0a8c8210821c456b3"
          },
          "sensitive_attributes": [],
          "private": "bnVsbA==",
          "dependencies": [
            "module.cf-ecs-s3.aws_vpc.api_vpc"
          ],
          "create_before_destroy": true
        }
      ]
    },
    {
      "module": "module.cf-ecs-s3",
      "mode": "managed",
      "type": "aws_lb_target_group",
      "name": "my_api",
      "provider": "provider[\"registry.terraform.io/hashicorp/aws\"]",
      "instances": [
        {
          "schema_version": 0,
          "attributes": {
            "arn": "arn:aws:elasticloadbalancing:us-east-1:821594384510:targetgroup/demo-app-tg/dcf2cf0cb6cc734e",
            "arn_suffix": "targetgroup/demo-app-tg/dcf2cf0cb6cc734e",
            "connection_termination": false,
            "deregistration_delay": "300",
            "health_check": [
              {
                "enabled": true,
                "healthy_threshold": 3,
                "interval": 30,
                "matcher": "200",
                "path": "/v1/health",
                "port": "traffic-port",
                "protocol": "HTTP",
                "timeout": 5,
                "unhealthy_threshold": 3
              }
            ],
            "id": "arn:aws:elasticloadbalancing:us-east-1:821594384510:targetgroup/demo-app-tg/dcf2cf0cb6cc734e",
            "lambda_multi_value_headers_enabled": false,
            "load_balancing_algorithm_type": "round_robin",
            "name": "demo-app-tg",
            "name_prefix": null,
            "port": 5011,
            "preserve_client_ip": null,
            "protocol": "HTTP",
            "protocol_version": "HTTP1",
            "proxy_protocol_v2": false,
            "slow_start": 0,
            "stickiness": [
              {
                "cookie_duration": 86400,
                "cookie_name": "",
                "enabled": false,
                "type": "lb_cookie"
              }
            ],
            "tags": {},
            "tags_all": {},
            "target_type": "ip",
            "vpc_id": "vpc-0a8c8210821c456b3"
          },
          "sensitive_attributes": [],
          "private": "bnVsbA==",
          "dependencies": [
            "module.cf-ecs-s3.aws_alb.my_api",
            "module.cf-ecs-s3.aws_internet_gateway.igw",
            "module.cf-ecs-s3.aws_security_group.egress_all",
            "module.cf-ecs-s3.aws_security_group.http",
            "module.cf-ecs-s3.aws_subnet.public_a",
            "module.cf-ecs-s3.aws_subnet.public_b",
            "module.cf-ecs-s3.aws_vpc.api_vpc"
          ],
          "create_before_destroy": true
        }
      ]
    },
    {
      "module": "module.cf-ecs-s3",
      "mode": "managed",
      "type": "aws_nat_gateway",
      "name": "ngw",
      "provider": "provider[\"registry.terraform.io/hashicorp/aws\"]",
      "instances": [
        {
          "schema_version": 0,
          "attributes": {
            "allocation_id": "eipalloc-0688303d4096f6859",
            "connectivity_type": "public",
            "id": "nat-0cff3d1e9494e6f68",
            "network_interface_id": "eni-0378e1bf0e28692c5",
            "private_ip": "10.0.1.47",
            "public_ip": "3.220.117.111",
            "subnet_id": "subnet-01e218622ee7d78a7",
            "tags": {},
            "tags_all": {}
          },
          "sensitive_attributes": [],
          "private": "bnVsbA==",
          "dependencies": [
            "module.cf-ecs-s3.aws_eip.nat",
            "module.cf-ecs-s3.aws_internet_gateway.igw",
            "module.cf-ecs-s3.aws_subnet.public_a",
            "module.cf-ecs-s3.aws_vpc.api_vpc"
          ]
        }
      ]
    },
    {
      "module": "module.cf-ecs-s3",
      "mode": "managed",
      "type": "aws_route",
      "name": "private_ngw",
      "provider": "provider[\"registry.terraform.io/hashicorp/aws\"]",
      "instances": [
        {
          "schema_version": 0,
          "attributes": {
            "carrier_gateway_id": "",
            "destination_cidr_block": "0.0.0.0/0",
            "destination_ipv6_cidr_block": "",
            "destination_prefix_list_id": "",
            "egress_only_gateway_id": "",
            "gateway_id": "",
            "id": "r-rtb-064ac24de60bced2a1080289494",
            "instance_id": "",
            "instance_owner_id": "",
            "local_gateway_id": "",
            "nat_gateway_id": "nat-0cff3d1e9494e6f68",
            "network_interface_id": "",
            "origin": "CreateRoute",
            "route_table_id": "rtb-064ac24de60bced2a",
            "state": "active",
            "timeouts": null,
            "transit_gateway_id": "",
            "vpc_endpoint_id": "",
            "vpc_peering_connection_id": ""
          },
          "sensitive_attributes": [],
          "private": "eyJlMmJmYjczMC1lY2FhLTExZTYtOGY4OC0zNDM2M2JjN2M0YzAiOnsiY3JlYXRlIjozMDAwMDAwMDAwMDAsImRlbGV0ZSI6MzAwMDAwMDAwMDAwLCJ1cGRhdGUiOjEyMDAwMDAwMDAwMH19",
          "dependencies": [
            "module.cf-ecs-s3.aws_eip.nat",
            "module.cf-ecs-s3.aws_internet_gateway.igw",
            "module.cf-ecs-s3.aws_nat_gateway.ngw",
            "module.cf-ecs-s3.aws_route_table.private",
            "module.cf-ecs-s3.aws_subnet.public_a",
            "module.cf-ecs-s3.aws_vpc.api_vpc"
          ]
        }
      ]
    },
    {
      "module": "module.cf-ecs-s3",
      "mode": "managed",
      "type": "aws_route",
      "name": "public_igw",
      "provider": "provider[\"registry.terraform.io/hashicorp/aws\"]",
      "instances": [
        {
          "schema_version": 0,
          "attributes": {
            "carrier_gateway_id": "",
            "destination_cidr_block": "0.0.0.0/0",
            "destination_ipv6_cidr_block": "",
            "destination_prefix_list_id": "",
            "egress_only_gateway_id": "",
            "gateway_id": "igw-01bed3cb7dcaa113c",
            "id": "r-rtb-0d0b0b310872548c41080289494",
            "instance_id": "",
            "instance_owner_id": "",
            "local_gateway_id": "",
            "nat_gateway_id": "",
            "network_interface_id": "",
            "origin": "CreateRoute",
            "route_table_id": "rtb-0d0b0b310872548c4",
            "state": "active",
            "timeouts": null,
            "transit_gateway_id": "",
            "vpc_endpoint_id": "",
            "vpc_peering_connection_id": ""
          },
          "sensitive_attributes": [],
          "private": "eyJlMmJmYjczMC1lY2FhLTExZTYtOGY4OC0zNDM2M2JjN2M0YzAiOnsiY3JlYXRlIjozMDAwMDAwMDAwMDAsImRlbGV0ZSI6MzAwMDAwMDAwMDAwLCJ1cGRhdGUiOjEyMDAwMDAwMDAwMH19",
          "dependencies": [
            "module.cf-ecs-s3.aws_internet_gateway.igw",
            "module.cf-ecs-s3.aws_route_table.public",
            "module.cf-ecs-s3.aws_vpc.api_vpc"
          ]
        }
      ]
    },
    {
      "module": "module.cf-ecs-s3",
      "mode": "managed",
      "type": "aws_route_table",
      "name": "private",
      "provider": "provider[\"registry.terraform.io/hashicorp/aws\"]",
      "instances": [
        {
          "schema_version": 0,
          "attributes": {
            "arn": "arn:aws:ec2:us-east-1:821594384510:route-table/rtb-064ac24de60bced2a",
            "id": "rtb-064ac24de60bced2a",
            "owner_id": "821594384510",
            "propagating_vgws": [],
            "route": [
              {
                "carrier_gateway_id": "",
                "cidr_block": "0.0.0.0/0",
                "destination_prefix_list_id": "",
                "egress_only_gateway_id": "",
                "gateway_id": "",
                "instance_id": "",
                "ipv6_cidr_block": "",
                "local_gateway_id": "",
                "nat_gateway_id": "nat-0cff3d1e9494e6f68",
                "network_interface_id": "",
                "transit_gateway_id": "",
                "vpc_endpoint_id": "",
                "vpc_peering_connection_id": ""
              }
            ],
            "tags": {
              "Name": "private"
            },
            "tags_all": {
              "Name": "private"
            },
            "timeouts": null,
            "vpc_id": "vpc-0a8c8210821c456b3"
          },
          "sensitive_attributes": [],
          "private": "eyJlMmJmYjczMC1lY2FhLTExZTYtOGY4OC0zNDM2M2JjN2M0YzAiOnsiY3JlYXRlIjozMDAwMDAwMDAwMDAsImRlbGV0ZSI6MzAwMDAwMDAwMDAwLCJ1cGRhdGUiOjEyMDAwMDAwMDAwMH19",
          "dependencies": [
            "module.cf-ecs-s3.aws_vpc.api_vpc"
          ]
        }
      ]
    },
    {
      "module": "module.cf-ecs-s3",
      "mode": "managed",
      "type": "aws_route_table",
      "name": "public",
      "provider": "provider[\"registry.terraform.io/hashicorp/aws\"]",
      "instances": [
        {
          "schema_version": 0,
          "attributes": {
            "arn": "arn:aws:ec2:us-east-1:821594384510:route-table/rtb-0d0b0b310872548c4",
            "id": "rtb-0d0b0b310872548c4",
            "owner_id": "821594384510",
            "propagating_vgws": [],
            "route": [
              {
                "carrier_gateway_id": "",
                "cidr_block": "0.0.0.0/0",
                "destination_prefix_list_id": "",
                "egress_only_gateway_id": "",
                "gateway_id": "igw-01bed3cb7dcaa113c",
                "instance_id": "",
                "ipv6_cidr_block": "",
                "local_gateway_id": "",
                "nat_gateway_id": "",
                "network_interface_id": "",
                "transit_gateway_id": "",
                "vpc_endpoint_id": "",
                "vpc_peering_connection_id": ""
              }
            ],
            "tags": {
              "Name": "public"
            },
            "tags_all": {
              "Name": "public"
            },
            "timeouts": null,
            "vpc_id": "vpc-0a8c8210821c456b3"
          },
          "sensitive_attributes": [],
          "private": "eyJlMmJmYjczMC1lY2FhLTExZTYtOGY4OC0zNDM2M2JjN2M0YzAiOnsiY3JlYXRlIjozMDAwMDAwMDAwMDAsImRlbGV0ZSI6MzAwMDAwMDAwMDAwLCJ1cGRhdGUiOjEyMDAwMDAwMDAwMH19",
          "dependencies": [
            "module.cf-ecs-s3.aws_vpc.api_vpc"
          ]
        }
      ]
    },
    {
      "module": "module.cf-ecs-s3",
      "mode": "managed",
      "type": "aws_route_table_association",
      "name": "private_a_subnet",
      "provider": "provider[\"registry.terraform.io/hashicorp/aws\"]",
      "instances": [
        {
          "schema_version": 0,
          "attributes": {
            "gateway_id": "",
            "id": "rtbassoc-0e4e1c09dc675be4e",
            "route_table_id": "rtb-064ac24de60bced2a",
            "subnet_id": "subnet-08f1ce57c610c3fd3"
          },
          "sensitive_attributes": [],
          "private": "bnVsbA==",
          "dependencies": [
            "module.cf-ecs-s3.aws_route_table.private",
            "module.cf-ecs-s3.aws_subnet.private_a",
            "module.cf-ecs-s3.aws_vpc.api_vpc"
          ]
        }
      ]
    },
    {
      "module": "module.cf-ecs-s3",
      "mode": "managed",
      "type": "aws_route_table_association",
      "name": "public_a_subnet",
      "provider": "provider[\"registry.terraform.io/hashicorp/aws\"]",
      "instances": [
        {
          "schema_version": 0,
          "attributes": {
            "gateway_id": "",
            "id": "rtbassoc-0753512bdbe188e93",
            "route_table_id": "rtb-0d0b0b310872548c4",
            "subnet_id": "subnet-01e218622ee7d78a7"
          },
          "sensitive_attributes": [],
          "private": "bnVsbA==",
          "dependencies": [
            "module.cf-ecs-s3.aws_route_table.public",
            "module.cf-ecs-s3.aws_subnet.public_a",
            "module.cf-ecs-s3.aws_vpc.api_vpc"
          ]
        }
      ]
    },
    {
      "module": "module.cf-ecs-s3",
      "mode": "managed",
      "type": "aws_s3_bucket",
      "name": "cf-s3-static-demo-bucket",
      "provider": "provider[\"registry.terraform.io/hashicorp/aws\"]",
      "instances": [
        {
          "schema_version": 0,
          "attributes": {
            "acceleration_status": "",
            "acl": "private",
            "arn": "arn:aws:s3:::demo-app-us-east-1",
            "bucket": "demo-app-us-east-1",
            "bucket_domain_name": "demo-app-us-east-1.s3.amazonaws.com",
            "bucket_prefix": null,
            "bucket_regional_domain_name": "demo-app-us-east-1.s3.amazonaws.com",
            "cors_rule": [],
            "force_destroy": false,
            "grant": [],
            "hosted_zone_id": "Z3AQBSTGFYJSTF",
            "id": "demo-app-us-east-1",
            "lifecycle_rule": [],
            "logging": [],
            "object_lock_configuration": [],
            "object_lock_enabled": false,
            "policy": null,
            "region": "us-east-1",
            "replication_configuration": [],
            "request_payer": "BucketOwner",
            "server_side_encryption_configuration": [],
            "tags": {
              "Environment": "dev",
              "Name": "demo-app-us-east-1"
            },
            "tags_all": {
              "Environment": "dev",
              "Name": "demo-app-us-east-1"
            },
            "versioning": [
              {
                "enabled": false,
                "mfa_delete": false
              }
            ],
            "website": [
              {
                "error_document": "index.html",
                "index_document": "index.html",
                "redirect_all_requests_to": "",
                "routing_rules": ""
              }
            ],
            "website_domain": "s3-website-us-east-1.amazonaws.com",
            "website_endpoint": "demo-app-us-east-1.s3-website-us-east-1.amazonaws.com"
          },
          "sensitive_attributes": [],
          "private": "bnVsbA=="
        }
      ]
    },
    {
      "module": "module.cf-ecs-s3",
      "mode": "managed",
      "type": "aws_s3_bucket_acl",
      "name": "website_bucket_acl",
      "provider": "provider[\"registry.terraform.io/hashicorp/aws\"]",
      "instances": [
        {
          "schema_version": 0,
          "attributes": {
            "access_control_policy": [
              {
                "grant": [
                  {
                    "grantee": [
                      {
                        "display_name": "gal+demoa",
                        "email_address": "",
                        "id": "6fc7d09c9ea6d7df4e84ad88c92642dc86073280f8e022792238efb6d5740063",
                        "type": "CanonicalUser",
                        "uri": ""
                      }
                    ],
                    "permission": "FULL_CONTROL"
                  }
                ],
                "owner": [
                  {
                    "display_name": "gal+demoa",
                    "id": "6fc7d09c9ea6d7df4e84ad88c92642dc86073280f8e022792238efb6d5740063"
                  }
                ]
              }
            ],
            "acl": "private",
            "bucket": "demo-app-us-east-1",
            "expected_bucket_owner": "",
            "id": "demo-app-us-east-1,private"
          },
          "sensitive_attributes": [],
          "private": "bnVsbA==",
          "dependencies": [
            "module.cf-ecs-s3.aws_s3_bucket.cf-s3-static-demo-bucket"
          ]
        }
      ]
    },
    {
      "module": "module.cf-ecs-s3",
      "mode": "managed",
      "type": "aws_s3_bucket_policy",
      "name": "cf_s3_bucket_policy",
      "provider": "provider[\"registry.terraform.io/hashicorp/aws\"]",
      "instances": [
        {
          "schema_version": 0,
          "attributes": {
            "bucket": "demo-app-us-east-1",
            "id": "demo-app-us-east-1",
            "policy": "{\"Statement\":[{\"Action\":\"s3:GetObject\",\"Effect\":\"Allow\",\"Principal\":{\"AWS\":\"arn:aws:iam::cloudfront:user/CloudFront Origin Access Identity E199AP4LOI6PYH\"},\"Resource\":\"arn:aws:s3:::demo-app-us-east-1/*\",\"Sid\":\"\"}],\"Version\":\"2012-10-17\"}"
          },
          "sensitive_attributes": [],
          "private": "bnVsbA==",
          "dependencies": [
            "module.cf-ecs-s3.aws_cloudfront_origin_access_identity.origin_access_identity",
            "module.cf-ecs-s3.aws_s3_bucket.cf-s3-static-demo-bucket",
            "module.cf-ecs-s3.data.aws_iam_policy_document.cf_s3_policy"
          ]
        }
      ]
    },
    {
      "module": "module.cf-ecs-s3",
      "mode": "managed",
      "type": "aws_s3_bucket_public_access_block",
      "name": "cf_s3_bucket_acl",
      "provider": "provider[\"registry.terraform.io/hashicorp/aws\"]",
      "instances": [
        {
          "schema_version": 0,
          "attributes": {
            "block_public_acls": true,
            "block_public_policy": true,
            "bucket": "demo-app-us-east-1",
            "id": "demo-app-us-east-1",
            "ignore_public_acls": false,
            "restrict_public_buckets": false
          },
          "sensitive_attributes": [],
          "private": "bnVsbA==",
          "dependencies": [
            "module.cf-ecs-s3.aws_s3_bucket.cf-s3-static-demo-bucket"
          ]
        }
      ]
    },
    {
      "module": "module.cf-ecs-s3",
      "mode": "managed",
      "type": "aws_security_group",
      "name": "egress_all",
      "provider": "provider[\"registry.terraform.io/hashicorp/aws\"]",
      "instances": [
        {
          "schema_version": 1,
          "attributes": {
            "arn": "arn:aws:ec2:us-east-1:821594384510:security-group/sg-035f04b0440db24b8",
            "description": "Allow all outbound traffic",
            "egress": [
              {
                "cidr_blocks": [
                  "0.0.0.0/0"
                ],
                "description": "",
                "from_port": 0,
                "ipv6_cidr_blocks": [],
                "prefix_list_ids": [],
                "protocol": "-1",
                "security_groups": [],
                "self": false,
                "to_port": 0
              }
            ],
            "id": "sg-035f04b0440db24b8",
            "ingress": [],
            "name": "egress-all",
            "name_prefix": "",
            "owner_id": "821594384510",
            "revoke_rules_on_delete": false,
            "tags": {},
            "tags_all": {},
            "timeouts": null,
            "vpc_id": "vpc-0a8c8210821c456b3"
          },
          "sensitive_attributes": [],
          "private": "eyJlMmJmYjczMC1lY2FhLTExZTYtOGY4OC0zNDM2M2JjN2M0YzAiOnsiY3JlYXRlIjo2MDAwMDAwMDAwMDAsImRlbGV0ZSI6OTAwMDAwMDAwMDAwfSwic2NoZW1hX3ZlcnNpb24iOiIxIn0=",
          "dependencies": [
            "module.cf-ecs-s3.aws_vpc.api_vpc"
          ],
          "create_before_destroy": true
        }
      ]
    },
    {
      "module": "module.cf-ecs-s3",
      "mode": "managed",
      "type": "aws_security_group",
      "name": "http",
      "provider": "provider[\"registry.terraform.io/hashicorp/aws\"]",
      "instances": [
        {
          "schema_version": 1,
          "attributes": {
            "arn": "arn:aws:ec2:us-east-1:821594384510:security-group/sg-040fa006f1419cd8a",
            "description": "HTTP traffic",
            "egress": [],
            "id": "sg-040fa006f1419cd8a",
            "ingress": [
              {
                "cidr_blocks": [
                  "0.0.0.0/0"
                ],
                "description": "",
                "from_port": 80,
                "ipv6_cidr_blocks": [],
                "prefix_list_ids": [],
                "protocol": "tcp",
                "security_groups": [],
                "self": false,
                "to_port": 80
              }
            ],
            "name": "http",
            "name_prefix": "",
            "owner_id": "821594384510",
            "revoke_rules_on_delete": false,
            "tags": {},
            "tags_all": {},
            "timeouts": null,
            "vpc_id": "vpc-0a8c8210821c456b3"
          },
          "sensitive_attributes": [],
          "private": "eyJlMmJmYjczMC1lY2FhLTExZTYtOGY4OC0zNDM2M2JjN2M0YzAiOnsiY3JlYXRlIjo2MDAwMDAwMDAwMDAsImRlbGV0ZSI6OTAwMDAwMDAwMDAwfSwic2NoZW1hX3ZlcnNpb24iOiIxIn0=",
          "dependencies": [
            "module.cf-ecs-s3.aws_vpc.api_vpc"
          ],
          "create_before_destroy": true
        }
      ]
    },
    {
      "module": "module.cf-ecs-s3",
      "mode": "managed",
      "type": "aws_security_group",
      "name": "https",
      "provider": "provider[\"registry.terraform.io/hashicorp/aws\"]",
      "instances": [
        {
          "schema_version": 1,
          "attributes": {
            "arn": "arn:aws:ec2:us-east-1:821594384510:security-group/sg-0f79655219fe098db",
            "description": "HTTPS traffic",
            "egress": [],
            "id": "sg-0f79655219fe098db",
            "ingress": [
              {
                "cidr_blocks": [
                  "0.0.0.0/0"
                ],
                "description": "",
                "from_port": 443,
                "ipv6_cidr_blocks": [],
                "prefix_list_ids": [],
                "protocol": "tcp",
                "security_groups": [],
                "self": false,
                "to_port": 443
              }
            ],
            "name": "https",
            "name_prefix": "",
            "owner_id": "821594384510",
            "revoke_rules_on_delete": false,
            "tags": {},
            "tags_all": {},
            "timeouts": null,
            "vpc_id": "vpc-0a8c8210821c456b3"
          },
          "sensitive_attributes": [],
          "private": "eyJlMmJmYjczMC1lY2FhLTExZTYtOGY4OC0zNDM2M2JjN2M0YzAiOnsiY3JlYXRlIjo2MDAwMDAwMDAwMDAsImRlbGV0ZSI6OTAwMDAwMDAwMDAwfSwic2NoZW1hX3ZlcnNpb24iOiIxIn0=",
          "dependencies": [
            "module.cf-ecs-s3.aws_vpc.api_vpc"
          ]
        }
      ]
    },
    {
      "module": "module.cf-ecs-s3",
      "mode": "managed",
      "type": "aws_security_group",
      "name": "ingress_api",
      "provider": "provider[\"registry.terraform.io/hashicorp/aws\"]",
      "instances": [
        {
          "schema_version": 1,
          "attributes": {
            "arn": "arn:aws:ec2:us-east-1:821594384510:security-group/sg-02952818a151ee092",
            "description": "Allow ingress to API",
            "egress": [],
            "id": "sg-02952818a151ee092",
            "ingress": [
              {
                "cidr_blocks": [
                  "0.0.0.0/0"
                ],
                "description": "",
                "from_port": 5011,
                "ipv6_cidr_blocks": [],
                "prefix_list_ids": [],
                "protocol": "tcp",
                "security_groups": [],
                "self": false,
                "to_port": 5011
              }
            ],
            "name": "ingress-api",
            "name_prefix": "",
            "owner_id": "821594384510",
            "revoke_rules_on_delete": false,
            "tags": {},
            "tags_all": {},
            "timeouts": null,
            "vpc_id": "vpc-0a8c8210821c456b3"
          },
          "sensitive_attributes": [],
          "private": "eyJlMmJmYjczMC1lY2FhLTExZTYtOGY4OC0zNDM2M2JjN2M0YzAiOnsiY3JlYXRlIjo2MDAwMDAwMDAwMDAsImRlbGV0ZSI6OTAwMDAwMDAwMDAwfSwic2NoZW1hX3ZlcnNpb24iOiIxIn0=",
          "dependencies": [
            "module.cf-ecs-s3.aws_vpc.api_vpc"
          ]
        }
      ]
    },
    {
      "module": "module.cf-ecs-s3",
      "mode": "managed",
      "type": "aws_subnet",
      "name": "private_a",
      "provider": "provider[\"registry.terraform.io/hashicorp/aws\"]",
      "instances": [
        {
          "schema_version": 1,
          "attributes": {
            "arn": "arn:aws:ec2:us-east-1:821594384510:subnet/subnet-08f1ce57c610c3fd3",
            "assign_ipv6_address_on_creation": false,
            "availability_zone": "us-east-1a",
            "availability_zone_id": "use1-az4",
            "cidr_block": "10.0.2.0/25",
            "customer_owned_ipv4_pool": "",
            "enable_dns64": false,
            "enable_resource_name_dns_a_record_on_launch": false,
            "enable_resource_name_dns_aaaa_record_on_launch": false,
            "id": "subnet-08f1ce57c610c3fd3",
            "ipv6_cidr_block": "",
            "ipv6_cidr_block_association_id": "",
            "ipv6_native": false,
            "map_customer_owned_ip_on_launch": false,
            "map_public_ip_on_launch": false,
            "outpost_arn": "",
            "owner_id": "821594384510",
            "private_dns_hostname_type_on_launch": "ip-name",
            "tags": {
              "Name": "private | us-east-1a"
            },
            "tags_all": {
              "Name": "private | us-east-1a"
            },
            "timeouts": null,
            "vpc_id": "vpc-0a8c8210821c456b3"
          },
          "sensitive_attributes": [],
          "private": "eyJlMmJmYjczMC1lY2FhLTExZTYtOGY4OC0zNDM2M2JjN2M0YzAiOnsiY3JlYXRlIjo2MDAwMDAwMDAwMDAsImRlbGV0ZSI6MTIwMDAwMDAwMDAwMH0sInNjaGVtYV92ZXJzaW9uIjoiMSJ9",
          "dependencies": [
            "module.cf-ecs-s3.aws_vpc.api_vpc"
          ]
        }
      ]
    },
    {
      "module": "module.cf-ecs-s3",
      "mode": "managed",
      "type": "aws_subnet",
      "name": "private_b",
      "provider": "provider[\"registry.terraform.io/hashicorp/aws\"]",
      "instances": [
        {
          "schema_version": 1,
          "attributes": {
            "arn": "arn:aws:ec2:us-east-1:821594384510:subnet/subnet-039fe146bfc10fe36",
            "assign_ipv6_address_on_creation": false,
            "availability_zone": "us-east-1b",
            "availability_zone_id": "use1-az6",
            "cidr_block": "10.0.2.128/25",
            "customer_owned_ipv4_pool": "",
            "enable_dns64": false,
            "enable_resource_name_dns_a_record_on_launch": false,
            "enable_resource_name_dns_aaaa_record_on_launch": false,
            "id": "subnet-039fe146bfc10fe36",
            "ipv6_cidr_block": "",
            "ipv6_cidr_block_association_id": "",
            "ipv6_native": false,
            "map_customer_owned_ip_on_launch": false,
            "map_public_ip_on_launch": false,
            "outpost_arn": "",
            "owner_id": "821594384510",
            "private_dns_hostname_type_on_launch": "ip-name",
            "tags": {
              "Name": "private | us-east-1b"
            },
            "tags_all": {
              "Name": "private | us-east-1b"
            },
            "timeouts": null,
            "vpc_id": "vpc-0a8c8210821c456b3"
          },
          "sensitive_attributes": [],
          "private": "eyJlMmJmYjczMC1lY2FhLTExZTYtOGY4OC0zNDM2M2JjN2M0YzAiOnsiY3JlYXRlIjo2MDAwMDAwMDAwMDAsImRlbGV0ZSI6MTIwMDAwMDAwMDAwMH0sInNjaGVtYV92ZXJzaW9uIjoiMSJ9",
          "dependencies": [
            "module.cf-ecs-s3.aws_vpc.api_vpc"
          ]
        }
      ]
    },
    {
      "module": "module.cf-ecs-s3",
      "mode": "managed",
      "type": "aws_subnet",
      "name": "public_a",
      "provider": "provider[\"registry.terraform.io/hashicorp/aws\"]",
      "instances": [
        {
          "schema_version": 1,
          "attributes": {
            "arn": "arn:aws:ec2:us-east-1:821594384510:subnet/subnet-01e218622ee7d78a7",
            "assign_ipv6_address_on_creation": false,
            "availability_zone": "us-east-1a",
            "availability_zone_id": "use1-az4",
            "cidr_block": "10.0.1.0/25",
            "customer_owned_ipv4_pool": "",
            "enable_dns64": false,
            "enable_resource_name_dns_a_record_on_launch": false,
            "enable_resource_name_dns_aaaa_record_on_launch": false,
            "id": "subnet-01e218622ee7d78a7",
            "ipv6_cidr_block": "",
            "ipv6_cidr_block_association_id": "",
            "ipv6_native": false,
            "map_customer_owned_ip_on_launch": false,
            "map_public_ip_on_launch": false,
            "outpost_arn": "",
            "owner_id": "821594384510",
            "private_dns_hostname_type_on_launch": "ip-name",
            "tags": {
              "Name": "public | us-east-1a"
            },
            "tags_all": {
              "Name": "public | us-east-1a"
            },
            "timeouts": null,
            "vpc_id": "vpc-0a8c8210821c456b3"
          },
          "sensitive_attributes": [],
          "private": "eyJlMmJmYjczMC1lY2FhLTExZTYtOGY4OC0zNDM2M2JjN2M0YzAiOnsiY3JlYXRlIjo2MDAwMDAwMDAwMDAsImRlbGV0ZSI6MTIwMDAwMDAwMDAwMH0sInNjaGVtYV92ZXJzaW9uIjoiMSJ9",
          "dependencies": [
            "module.cf-ecs-s3.aws_vpc.api_vpc"
          ],
          "create_before_destroy": true
        }
      ]
    },
    {
      "module": "module.cf-ecs-s3",
      "mode": "managed",
      "type": "aws_subnet",
      "name": "public_b",
      "provider": "provider[\"registry.terraform.io/hashicorp/aws\"]",
      "instances": [
        {
          "schema_version": 1,
          "attributes": {
            "arn": "arn:aws:ec2:us-east-1:821594384510:subnet/subnet-0834eded2096be2dc",
            "assign_ipv6_address_on_creation": false,
            "availability_zone": "us-east-1b",
            "availability_zone_id": "use1-az6",
            "cidr_block": "10.0.1.128/25",
            "customer_owned_ipv4_pool": "",
            "enable_dns64": false,
            "enable_resource_name_dns_a_record_on_launch": false,
            "enable_resource_name_dns_aaaa_record_on_launch": false,
            "id": "subnet-0834eded2096be2dc",
            "ipv6_cidr_block": "",
            "ipv6_cidr_block_association_id": "",
            "ipv6_native": false,
            "map_customer_owned_ip_on_launch": false,
            "map_public_ip_on_launch": false,
            "outpost_arn": "",
            "owner_id": "821594384510",
            "private_dns_hostname_type_on_launch": "ip-name",
            "tags": {
              "Name": "public | us-east-1b"
            },
            "tags_all": {
              "Name": "public | us-east-1b"
            },
            "timeouts": null,
            "vpc_id": "vpc-0a8c8210821c456b3"
          },
          "sensitive_attributes": [],
          "private": "eyJlMmJmYjczMC1lY2FhLTExZTYtOGY4OC0zNDM2M2JjN2M0YzAiOnsiY3JlYXRlIjo2MDAwMDAwMDAwMDAsImRlbGV0ZSI6MTIwMDAwMDAwMDAwMH0sInNjaGVtYV92ZXJzaW9uIjoiMSJ9",
          "dependencies": [
            "module.cf-ecs-s3.aws_vpc.api_vpc"
          ],
          "create_before_destroy": true
        }
      ]
    },
    {
      "module": "module.cf-ecs-s3",
      "mode": "managed",
      "type": "aws_vpc",
      "name": "api_vpc",
      "provider": "provider[\"registry.terraform.io/hashicorp/aws\"]",
      "instances": [
        {
          "schema_version": 1,
          "attributes": {
            "arn": "arn:aws:ec2:us-east-1:821594384510:vpc/vpc-0a8c8210821c456b3",
            "assign_generated_ipv6_cidr_block": false,
            "cidr_block": "10.0.0.0/16",
            "default_network_acl_id": "acl-0be8f0dbf376847a6",
            "default_route_table_id": "rtb-05ad8a1d5d5849647",
            "default_security_group_id": "sg-03738585ac14c9f83",
            "dhcp_options_id": "dopt-009cfc5c7ceadb707",
            "enable_classiclink": false,
            "enable_classiclink_dns_support": false,
            "enable_dns_hostnames": false,
            "enable_dns_support": true,
            "id": "vpc-0a8c8210821c456b3",
            "instance_tenancy": "default",
            "ipv4_ipam_pool_id": null,
            "ipv4_netmask_length": null,
            "ipv6_association_id": "",
            "ipv6_cidr_block": "",
            "ipv6_cidr_block_network_border_group": "",
            "ipv6_ipam_pool_id": "",
            "ipv6_netmask_length": 0,
            "main_route_table_id": "rtb-05ad8a1d5d5849647",
            "owner_id": "821594384510",
            "tags": {
              "Name": "demo_api_vpc"
            },
            "tags_all": {
              "Name": "demo_api_vpc"
            }
          },
          "sensitive_attributes": [],
          "private": "eyJzY2hlbWFfdmVyc2lvbiI6IjEifQ==",
          "create_before_destroy": true
        }
      ]
    }
  ]
}
